
Microsoft Visual Studio Solution File, Format Version 12.00
# Visual Studio Version 16
VisualStudioVersion = 16.0.31911.196
MinimumVisualStudioVersion = 10.0.40219.1
Project("{FAE04EC0-301F-11D3-BF4B-00C04F79EFBC}") = "RockPaperScissors", "RockPaperScissors\RockPaperScissors.csproj", "{7334DEC4-5910-4466-8694-3788336EE26C}"
EndProject
Global
	GlobalSection(SolutionConfigurationPlatforms) = preSolution
		Debug|Any CPU = Debug|Any CPU
		Release|Any CPU = Release|Any CPU
	EndGlobalSection
	GlobalSection(ProjectConfigurationPlatforms) = postSolution
		{7334DEC4-5910-4466-8694-3788336EE26C}.Debug|Any CPU.ActiveCfg = Debug|Any CPU
		{7334DEC4-5910-4466-8694-3788336EE26C}.Debug|Any CPU.Build.0 = Debug|Any CPU
		{7334DEC4-5910-4466-8694-3788336EE26C}.Release|Any CPU.ActiveCfg = Release|Any CPU
		{7334DEC4-5910-4466-8694-3788336EE26C}.Release|Any CPU.Build.0 = Release|Any CPU
	EndGlobalSection
	GlobalSection(SolutionProperties) = preSolution
		HideSolutionNode = FALSE
	EndGlobalSection
	GlobalSection(ExtensibilityGlobals) = postSolution
		SolutionGuid = {7321C749-F86B-4F13-8969-25A36DAC5040}
	EndGlobalSection
EndGlobal
